
Microsoft Visual Studio Solution File, Format Version 12.00
# Visual Studio Version 17
VisualStudioVersion = 17.5.002.0
MinimumVisualStudioVersion = 10.0.40219.1
Project("{9A19103F-16F7-4668-BE54-9A1E7A4F7556}") = "MassDPSDeletion", "MassDPSDeletion.csproj", "{0A598C45-2CBB-412B-A801-3C7F50CE2122}"
EndProject
Global
	GlobalSection(SolutionConfigurationPlatforms) = preSolution
		Debug|Any CPU = Debug|Any CPU
		Release|Any CPU = Release|Any CPU
	EndGlobalSection
	GlobalSection(ProjectConfigurationPlatforms) = postSolution
		{0A598C45-2CBB-412B-A801-3C7F50CE2122}.Debug|Any CPU.ActiveCfg = Debug|Any CPU
		{0A598C45-2CBB-412B-A801-3C7F50CE2122}.Debug|Any CPU.Build.0 = Debug|Any CPU
		{0A598C45-2CBB-412B-A801-3C7F50CE2122}.Release|Any CPU.ActiveCfg = Release|Any CPU
		{0A598C45-2CBB-412B-A801-3C7F50CE2122}.Release|Any CPU.Build.0 = Release|Any CPU
	EndGlobalSection
	GlobalSection(SolutionProperties) = preSolution
		HideSolutionNode = FALSE
	EndGlobalSection
	GlobalSection(ExtensibilityGlobals) = postSolution
		SolutionGuid = {30FD2C4A-DE82-4CC0-A774-2F5433C30FCA}
	EndGlobalSection
EndGlobal
